
Microsoft Visual Studio Solution File, Format Version 12.00
# Visual Studio Version 17
VisualStudioVersion = 17.14.36202.13 d17.14
MinimumVisualStudioVersion = 10.0.40219.1
Project("{FAE04EC0-301F-11D3-BF4B-00C04F79EFBC}") = "AtomCalc", "AtomCalc\AtomCalc.csproj", "{97075353-0C39-4A16-8A53-18D4EAD6A4CB}"
EndProject
Global
	GlobalSection(SolutionConfigurationPlatforms) = preSolution
		Debug|Any CPU = Debug|Any CPU
		Release|Any CPU = Release|Any CPU
	EndGlobalSection
	GlobalSection(ProjectConfigurationPlatforms) = postSolution
		{97075353-0C39-4A16-8A53-18D4EAD6A4CB}.Debug|Any CPU.ActiveCfg = Debug|Any CPU
		{97075353-0C39-4A16-8A53-18D4EAD6A4CB}.Debug|Any CPU.Build.0 = Debug|Any CPU
		{97075353-0C39-4A16-8A53-18D4EAD6A4CB}.Release|Any CPU.ActiveCfg = Release|Any CPU
		{97075353-0C39-4A16-8A53-18D4EAD6A4CB}.Release|Any CPU.Build.0 = Release|Any CPU
	EndGlobalSection
	GlobalSection(SolutionProperties) = preSolution
		HideSolutionNode = FALSE
	EndGlobalSection
	GlobalSection(ExtensibilityGlobals) = postSolution
		SolutionGuid = {D1A8D138-E952-4FD1-A8A0-F68F129B0199}
	EndGlobalSection
EndGlobal
